<?xml version="1.0" encoding="utf-8"?>
<Project ToolsVersion="4.0" xmlns="http://schemas.microsoft.com/developer/msbuild/2003">
  <ItemGroup>
    <Filter Include="source">
      <UniqueIdentifier>{93995380-89BD-4b04-88EB-625FBE52EBFB}</UniqueIdentifier>
      <Extensions>h;hh;hpp;hxx;hm;inl;inc;ipp;xsd</Extensions>
    </Filter>
    <Filter Include="source\shader">
      <UniqueIdentifier>{9ae751a2-6911-4032-8a93-3f1ba61ec272}</UniqueIdentifier>
    </Filter>
    <Filter Include="source\d3dResourceClass">
      <UniqueIdentifier>{8857063d-15f8-4f1d-8031-49b5baa396f1}</UniqueIdentifier>
    </Filter>
  </ItemGroup>
  <ItemGroup>
    <ClCompile Include="source\BlendState.cpp">
      <Filter>source\d3dResourceClass</Filter>
    </ClCompile>
    <ClCompile Include="source\ComputeShader.cpp">
      <Filter>source\d3dResourceClass</Filter>
    </ClCompile>
    <ClCompile Include="source\ConstantBuffer.cpp">
      <Filter>source\d3dResourceClass</Filter>
    </ClCompile>
    <ClCompile Include="source\DepthStencilBuffer.cpp">
      <Filter>source\d3dResourceClass</Filter>
    </ClCompile>
    <ClCompile Include="source\DepthStencilState.cpp">
      <Filter>source\d3dResourceClass</Filter>
    </ClCompile>
    <ClCompile Include="source\GeometryShader.cpp">
      <Filter>source\d3dResourceClass</Filter>
    </ClCompile>
    <ClCompile Include="source\PixelShader.cpp">
      <Filter>source\d3dResourceClass</Filter>
    </ClCompile>
    <ClCompile Include="source\RasterizerState.cpp">
      <Filter>source\d3dResourceClass</Filter>
    </ClCompile>
    <ClCompile Include="source\RenderTarget.cpp">
      <Filter>source\d3dResourceClass</Filter>
    </ClCompile>
    <ClCompile Include="source\SamplerState.cpp">
      <Filter>source\d3dResourceClass</Filter>
    </ClCompile>
    <ClCompile Include="source\Shader.cpp">
      <Filter>source\d3dResourceClass</Filter>
    </ClCompile>
    <ClCompile Include="source\VertexShader.cpp">
      <Filter>source\d3dResourceClass</Filter>
    </ClCompile>
    <ClCompile Include="source\main.cpp">
      <Filter>source</Filter>
    </ClCompile>
    <ClCompile Include="source\GeometryPass.cpp">
      <Filter>source</Filter>
    </ClCompile>
    <ClCompile Include="source\LightPass.cpp">
      <Filter>source</Filter>
    </ClCompile>
    <ClCompile Include="source\Buffer.cpp">
      <Filter>source\d3dResourceClass</Filter>
    </ClCompile>
    <ClCompile Include="source\Object.cpp">
      <Filter>source</Filter>
    </ClCompile>
    <ClCompile Include="source\VertexBuffer.cpp">
      <Filter>source\d3dResourceClass</Filter>
    </ClCompile>
    <ClCompile Include="source\TiledRenderer.cpp">
      <Filter>source</Filter>
    </ClCompile>
    <ClCompile Include="source\ScreenAlignQuad.cpp">
      <Filter>source</Filter>
    </ClCompile>
    <ClCompile Include="source\Texture.cpp">
      <Filter>source\d3dResourceClass</Filter>
    </ClCompile>
    <ClCompile Include="source\ShadowDepthBuffer.cpp">
      <Filter>source</Filter>
    </ClCompile>
    <ClCompile Include="source\Frustum.cpp">
      <Filter>source</Filter>
    </ClCompile>
    <ClCompile Include="source\Light.cpp">
      <Filter>source</Filter>
    </ClCompile>
  </ItemGroup>
  <ItemGroup>
    <ClInclude Include="source\BlendState.h">
      <Filter>source\d3dResourceClass</Filter>
    </ClInclude>
    <ClInclude Include="source\ComputeShader.h">
      <Filter>source\d3dResourceClass</Filter>
    </ClInclude>
    <ClInclude Include="source\ConstantBuffer.h">
      <Filter>source\d3dResourceClass</Filter>
    </ClInclude>
    <ClInclude Include="source\DepthStencilBuffer.h">
      <Filter>source\d3dResourceClass</Filter>
    </ClInclude>
    <ClInclude Include="source\DepthStencilState.h">
      <Filter>source\d3dResourceClass</Filter>
    </ClInclude>
    <ClInclude Include="source\GeometryShader.h">
      <Filter>source\d3dResourceClass</Filter>
    </ClInclude>
    <ClInclude Include="source\PixelShader.h">
      <Filter>source\d3dResourceClass</Filter>
    </ClInclude>
    <ClInclude Include="source\RasterizerState.h">
      <Filter>source\d3dResourceClass</Filter>
    </ClInclude>
    <ClInclude Include="source\RenderTarget.h">
      <Filter>source\d3dResourceClass</Filter>
    </ClInclude>
    <ClInclude Include="source\SamplerState.h">
      <Filter>source\d3dResourceClass</Filter>
    </ClInclude>
    <ClInclude Include="source\Shader.h">
      <Filter>source\d3dResourceClass</Filter>
    </ClInclude>
    <ClInclude Include="source\VertexShader.h">
      <Filter>source\d3dResourceClass</Filter>
    </ClInclude>
    <ClInclude Include="source\GeometryPass.h">
      <Filter>source</Filter>
    </ClInclude>
    <ClInclude Include="source\LightPass.h">
      <Filter>source</Filter>
    </ClInclude>
    <ClInclude Include="source\Buffer.h">
      <Filter>source\d3dResourceClass</Filter>
    </ClInclude>
    <ClInclude Include="source\Object.h">
      <Filter>source</Filter>
    </ClInclude>
    <ClInclude Include="source\VertexBuffer.h">
      <Filter>source\d3dResourceClass</Filter>
    </ClInclude>
    <ClInclude Include="source\ScreenAlignQuad.h">
      <Filter>source</Filter>
    </ClInclude>
    <ClInclude Include="source\ResourceBindFlags.h">
      <Filter>source\d3dResourceClass</Filter>
    </ClInclude>
    <ClInclude Include="source\ResourceCPUAccessFlags.h">
      <Filter>source\d3dResourceClass</Filter>
    </ClInclude>
    <ClInclude Include="source\Texture.h">
      <Filter>source\d3dResourceClass</Filter>
    </ClInclude>
    <ClInclude Include="source\ShadowDepthBuffer.h">
      <Filter>source</Filter>
    </ClInclude>
    <ClInclude Include="source\Frustum.h">
      <Filter>source</Filter>
    </ClInclude>
    <ClInclude Include="source\TiledRenderer.h">
      <Filter>source</Filter>
    </ClInclude>
    <ClInclude Include="source\MathHelper.h">
      <Filter>source</Filter>
    </ClInclude>
    <ClInclude Include="source\Light.h">
      <Filter>source</Filter>
    </ClInclude>
  </ItemGroup>
  <ItemGroup>
    <FxCompile Include="..\media\shader\GeometryPassPixelShader.hlsl">
      <Filter>source\shader</Filter>
    </FxCompile>
    <FxCompile Include="..\media\shader\GeometryPassVertexShader.hlsl">
      <Filter>source\shader</Filter>
    </FxCompile>
    <FxCompile Include="..\media\shader\Common.hlsl">
      <Filter>source\shader</Filter>
    </FxCompile>
    <FxCompile Include="..\media\shader\LightCullingComputeShader.hlsl">
      <Filter>source\shader</Filter>
    </FxCompile>
    <FxCompile Include="..\media\shader\DeferredLightingPixelShader.hlsl">
      <Filter>source\shader</Filter>
    </FxCompile>
    <FxCompile Include="..\media\shader\ScreenAlignQuadVertexShader.hlsl">
      <Filter>source\shader</Filter>
    </FxCompile>
    <FxCompile Include="..\media\shader\PostprocessPixelShader.hlsl">
      <Filter>source\shader</Filter>
    </FxCompile>
    <FxCompile Include="..\media\shader\ShadowDepthGeometryShader.hlsl">
      <Filter>source\shader</Filter>
    </FxCompile>
    <FxCompile Include="..\media\shader\ShadowDepthPixelShader.hlsl">
      <Filter>source\shader</Filter>
    </FxCompile>
    <FxCompile Include="..\media\shader\ShadowDepthVertexShader.hlsl">
      <Filter>source\shader</Filter>
    </FxCompile>
  </ItemGroup>
</Project>