
Microsoft Visual Studio Solution File, Format Version 12.00
# Visual Studio 15
VisualStudioVersion = 15.0.28307.489
MinimumVisualStudioVersion = 10.0.40219.1
Project("{8BC9CEB8-8B4A-11D0-8D11-00A0C91BC942}") = "TiledLighting", "TiledLighting\TiledLighting.vcxproj", "{1D460467-71C8-4FE3-826B-A712B84DB634}"
	ProjectSection(ProjectDependencies) = postProject
		{85344B7F-5AA0-4E12-A065-D1333D11F6CA} = {85344B7F-5AA0-4E12-A065-D1333D11F6CA}
		{61B333C2-C4F7-4CC1-A9BF-83F6D95588EB} = {61B333C2-C4F7-4CC1-A9BF-83F6D95588EB}
	EndProjectSection
EndProject
Project("{8BC9CEB8-8B4A-11D0-8D11-00A0C91BC942}") = "DXUT", "dxut\Core\DXUT_2017_Win10.vcxproj", "{85344B7F-5AA0-4E12-A065-D1333D11F6CA}"
EndProject
Project("{8BC9CEB8-8B4A-11D0-8D11-00A0C91BC942}") = "DXUTOpt", "dxut\Optional\DXUTOpt_2017_Win10.vcxproj", "{61B333C2-C4F7-4CC1-A9BF-83F6D95588EB}"
EndProject
Global
	GlobalSection(SolutionConfigurationPlatforms) = preSolution
		Debug|x64 = Debug|x64
		Debug|x86 = Debug|x86
		Release|x64 = Release|x64
		Release|x86 = Release|x86
	EndGlobalSection
	GlobalSection(ProjectConfigurationPlatforms) = postSolution
		{1D460467-71C8-4FE3-826B-A712B84DB634}.Debug|x64.ActiveCfg = Debug|x64
		{1D460467-71C8-4FE3-826B-A712B84DB634}.Debug|x64.Build.0 = Debug|x64
		{1D460467-71C8-4FE3-826B-A712B84DB634}.Debug|x86.ActiveCfg = Debug|Win32
		{1D460467-71C8-4FE3-826B-A712B84DB634}.Debug|x86.Build.0 = Debug|Win32
		{1D460467-71C8-4FE3-826B-A712B84DB634}.Release|x64.ActiveCfg = Release|x64
		{1D460467-71C8-4FE3-826B-A712B84DB634}.Release|x64.Build.0 = Release|x64
		{1D460467-71C8-4FE3-826B-A712B84DB634}.Release|x86.ActiveCfg = Release|Win32
		{1D460467-71C8-4FE3-826B-A712B84DB634}.Release|x86.Build.0 = Release|Win32
		{85344B7F-5AA0-4E12-A065-D1333D11F6CA}.Debug|x64.ActiveCfg = Debug|x64
		{85344B7F-5AA0-4E12-A065-D1333D11F6CA}.Debug|x64.Build.0 = Debug|x64
		{85344B7F-5AA0-4E12-A065-D1333D11F6CA}.Debug|x86.ActiveCfg = Debug|Win32
		{85344B7F-5AA0-4E12-A065-D1333D11F6CA}.Debug|x86.Build.0 = Debug|Win32
		{85344B7F-5AA0-4E12-A065-D1333D11F6CA}.Release|x64.ActiveCfg = Release|x64
		{85344B7F-5AA0-4E12-A065-D1333D11F6CA}.Release|x64.Build.0 = Release|x64
		{85344B7F-5AA0-4E12-A065-D1333D11F6CA}.Release|x86.ActiveCfg = Release|Win32
		{85344B7F-5AA0-4E12-A065-D1333D11F6CA}.Release|x86.Build.0 = Release|Win32
		{61B333C2-C4F7-4CC1-A9BF-83F6D95588EB}.Debug|x64.ActiveCfg = Debug|x64
		{61B333C2-C4F7-4CC1-A9BF-83F6D95588EB}.Debug|x64.Build.0 = Debug|x64
		{61B333C2-C4F7-4CC1-A9BF-83F6D95588EB}.Debug|x86.ActiveCfg = Debug|Win32
		{61B333C2-C4F7-4CC1-A9BF-83F6D95588EB}.Debug|x86.Build.0 = Debug|Win32
		{61B333C2-C4F7-4CC1-A9BF-83F6D95588EB}.Release|x64.ActiveCfg = Release|x64
		{61B333C2-C4F7-4CC1-A9BF-83F6D95588EB}.Release|x64.Build.0 = Release|x64
		{61B333C2-C4F7-4CC1-A9BF-83F6D95588EB}.Release|x86.ActiveCfg = Release|Win32
		{61B333C2-C4F7-4CC1-A9BF-83F6D95588EB}.Release|x86.Build.0 = Release|Win32
	EndGlobalSection
	GlobalSection(SolutionProperties) = preSolution
		HideSolutionNode = FALSE
	EndGlobalSection
	GlobalSection(ExtensibilityGlobals) = postSolution
		SolutionGuid = {6A986F83-EB39-4E3D-9F10-89CCE4B3A9C6}
	EndGlobalSection
EndGlobal
